// !$*UTF8*$!
{
	archiveVersion = 1;
	classes = {
	};
	objectVersion = 46;
	objects = {

/* Begin PBXBuildFile section */
		17D311D81BFDF66D00827601 /* main.m in Sources */ = {isa = PBXBuildFile; fileRef = 17D311D71BFDF66D00827601 /* main.m */; };
		17D311DB1BFDF66D00827601 /* AIZAppDelegate.m in Sources */ = {isa = PBXBuildFile; fileRef = 17D311DA1BFDF66D00827601 /* AIZAppDelegate.m */; };
		17D311DE1BFDF66D00827601 /* AIZMainViewController.m in Sources */ = {isa = PBXBuildFile; fileRef = 17D311DD1BFDF66D00827601 /* AIZMainViewController.m */; };
		17D311E31BFDF66D00827601 /* Images.xcassets in Resources */ = {isa = PBXBuildFile; fileRef = 17D311E21BFDF66D00827601 /* Images.xcassets */; };
		17D311E61BFDF66D00827601 /* LaunchScreen.xib in Resources */ = {isa = PBXBuildFile; fileRef = 17D311E41BFDF66D00827601 /* LaunchScreen.xib */; };
		17D311F21BFDF66D00827601 /* Control_FunTests.m in Sources */ = {isa = PBXBuildFile; fileRef = 17D311F11BFDF66D00827601 /* Control_FunTests.m */; };
		17D6120E1C00616800797B51 /* AIZMainViewController+AIZImageView.m in Sources */ = {isa = PBXBuildFile; fileRef = 17D6120D1C00616800797B51 /* AIZMainViewController+AIZImageView.m */; };
		17D612111C00624300797B51 /* AIZMainViewController+AIZLabels.m in Sources */ = {isa = PBXBuildFile; fileRef = 17D612101C00624300797B51 /* AIZMainViewController+AIZLabels.m */; };
		17D612141C0062B100797B51 /* AIZMainViewController+AIZTextFields.m in Sources */ = {isa = PBXBuildFile; fileRef = 17D612131C0062B100797B51 /* AIZMainViewController+AIZTextFields.m */; };
		17D612171C00631E00797B51 /* AIZMainViewController+AIZLabelAndSlider.m in Sources */ = {isa = PBXBuildFile; fileRef = 17D612161C00631E00797B51 /* AIZMainViewController+AIZLabelAndSlider.m */; };
		17D6121A1C0063B300797B51 /* AIZMainViewController+AIZSegmentedControl.m in Sources */ = {isa = PBXBuildFile; fileRef = 17D612191C0063B300797B51 /* AIZMainViewController+AIZSegmentedControl.m */; };
		17D6121D1C00642B00797B51 /* AIZMainViewController+AIZSwitchesAndButton.m in Sources */ = {isa = PBXBuildFile; fileRef = 17D6121C1C00642B00797B51 /* AIZMainViewController+AIZSwitchesAndButton.m */; };
/* End PBXBuildFile section */

/* Begin PBXContainerItemProxy section */
		17D311EC1BFDF66D00827601 /* PBXContainerItemProxy */ = {
			isa = PBXContainerItemProxy;
			containerPortal = 17D311CA1BFDF66D00827601 /* Project object */;
			proxyType = 1;
			remoteGlobalIDString = 17D311D11BFDF66D00827601;
			remoteInfo = "Control Fun";
		};
/* End PBXContainerItemProxy section */

/* Begin PBXFileReference section */
		17D311D21BFDF66D00827601 /* Control Fun.app */ = {isa = PBXFileReference; explicitFileType = wrapper.application; includeInIndex = 0; path = "Control Fun.app"; sourceTree = BUILT_PRODUCTS_DIR; };
		17D311D61BFDF66D00827601 /* Info.plist */ = {isa = PBXFileReference; lastKnownFileType = text.plist.xml; path = Info.plist; sourceTree = "<group>"; };
		17D311D71BFDF66D00827601 /* main.m */ = {isa = PBXFileReference; lastKnownFileType = sourcecode.c.objc; path = main.m; sourceTree = "<group>"; };
		17D311D91BFDF66D00827601 /* AIZAppDelegate.h */ = {isa = PBXFileReference; lastKnownFileType = sourcecode.c.h; path = AIZAppDelegate.h; sourceTree = "<group>"; };
		17D311DA1BFDF66D00827601 /* AIZAppDelegate.m */ = {isa = PBXFileReference; lastKnownFileType = sourcecode.c.objc; path = AIZAppDelegate.m; sourceTree = "<group>"; };
		17D311DC1BFDF66D00827601 /* AIZMainViewController.h */ = {isa = PBXFileReference; lastKnownFileType = sourcecode.c.h; path = AIZMainViewController.h; sourceTree = "<group>"; };
		17D311DD1BFDF66D00827601 /* AIZMainViewController.m */ = {isa = PBXFileReference; lastKnownFileType = sourcecode.c.objc; path = AIZMainViewController.m; sourceTree = "<group>"; };
		17D311E21BFDF66D00827601 /* Images.xcassets */ = {isa = PBXFileReference; lastKnownFileType = folder.assetcatalog; path = Images.xcassets; sourceTree = "<group>"; };
		17D311E51BFDF66D00827601 /* Base */ = {isa = PBXFileReference; lastKnownFileType = file.xib; name = Base; path = Base.lproj/LaunchScreen.xib; sourceTree = "<group>"; };
		17D311EB1BFDF66D00827601 /* Control FunTests.xctest */ = {isa = PBXFileReference; explicitFileType = wrapper.cfbundle; includeInIndex = 0; path = "Control FunTests.xctest"; sourceTree = BUILT_PRODUCTS_DIR; };
		17D311F01BFDF66D00827601 /* Info.plist */ = {isa = PBXFileReference; lastKnownFileType = text.plist.xml; path = Info.plist; sourceTree = "<group>"; };
		17D311F11BFDF66D00827601 /* Control_FunTests.m */ = {isa = PBXFileReference; lastKnownFileType = sourcecode.c.objc; path = Control_FunTests.m; sourceTree = "<group>"; };
		17D6120C1C00616800797B51 /* AIZMainViewController+AIZImageView.h */ = {isa = PBXFileReference; fileEncoding = 4; lastKnownFileType = sourcecode.c.h; path = "AIZMainViewController+AIZImageView.h"; sourceTree = "<group>"; };
		17D6120D1C00616800797B51 /* AIZMainViewController+AIZImageView.m */ = {isa = PBXFileReference; fileEncoding = 4; lastKnownFileType = sourcecode.c.objc; path = "AIZMainViewController+AIZImageView.m"; sourceTree = "<group>"; };
		17D6120F1C00624300797B51 /* AIZMainViewController+AIZLabels.h */ = {isa = PBXFileReference; fileEncoding = 4; lastKnownFileType = sourcecode.c.h; path = "AIZMainViewController+AIZLabels.h"; sourceTree = "<group>"; };
		17D612101C00624300797B51 /* AIZMainViewController+AIZLabels.m */ = {isa = PBXFileReference; fileEncoding = 4; lastKnownFileType = sourcecode.c.objc; path = "AIZMainViewController+AIZLabels.m"; sourceTree = "<group>"; };
		17D612121C0062B100797B51 /* AIZMainViewController+AIZTextFields.h */ = {isa = PBXFileReference; fileEncoding = 4; lastKnownFileType = sourcecode.c.h; path = "AIZMainViewController+AIZTextFields.h"; sourceTree = "<group>"; };
		17D612131C0062B100797B51 /* AIZMainViewController+AIZTextFields.m */ = {isa = PBXFileReference; fileEncoding = 4; lastKnownFileType = sourcecode.c.objc; path = "AIZMainViewController+AIZTextFields.m"; sourceTree = "<group>"; };
		17D612151C00631E00797B51 /* AIZMainViewController+AIZLabelAndSlider.h */ = {isa = PBXFileReference; fileEncoding = 4; lastKnownFileType = sourcecode.c.h; path = "AIZMainViewController+AIZLabelAndSlider.h"; sourceTree = "<group>"; };
		17D612161C00631E00797B51 /* AIZMainViewController+AIZLabelAndSlider.m */ = {isa = PBXFileReference; fileEncoding = 4; lastKnownFileType = sourcecode.c.objc; path = "AIZMainViewController+AIZLabelAndSlider.m"; sourceTree = "<group>"; };
		17D612181C0063B300797B51 /* AIZMainViewController+AIZSegmentedControl.h */ = {isa = PBXFileReference; fileEncoding = 4; lastKnownFileType = sourcecode.c.h; path = "AIZMainViewController+AIZSegmentedControl.h"; sourceTree = "<group>"; };
		17D612191C0063B300797B51 /* AIZMainViewController+AIZSegmentedControl.m */ = {isa = PBXFileReference; fileEncoding = 4; lastKnownFileType = sourcecode.c.objc; path = "AIZMainViewController+AIZSegmentedControl.m"; sourceTree = "<group>"; };
		17D6121B1C00642B00797B51 /* AIZMainViewController+AIZSwitchesAndButton.h */ = {isa = PBXFileReference; fileEncoding = 4; lastKnownFileType = sourcecode.c.h; path = "AIZMainViewController+AIZSwitchesAndButton.h"; sourceTree = "<group>"; };
		17D6121C1C00642B00797B51 /* AIZMainViewController+AIZSwitchesAndButton.m */ = {isa = PBXFileReference; fileEncoding = 4; lastKnownFileType = sourcecode.c.objc; path = "AIZMainViewController+AIZSwitchesAndButton.m"; sourceTree = "<group>"; };
/* End PBXFileReference section */

/* Begin PBXFrameworksBuildPhase section */
		17D311CF1BFDF66D00827601 /* Frameworks */ = {
			isa = PBXFrameworksBuildPhase;
			buildActionMask = 2147483647;
			files = (
			);
			runOnlyForDeploymentPostprocessing = 0;
		};
		17D311E81BFDF66D00827601 /* Frameworks */ = {
			isa = PBXFrameworksBuildPhase;
			buildActionMask = 2147483647;
			files = (
			);
			runOnlyForDeploymentPostprocessing = 0;
		};
/* End PBXFrameworksBuildPhase section */

/* Begin PBXGroup section */
		17D311C91BFDF66D00827601 = {
			isa = PBXGroup;
			children = (
				17D311D41BFDF66D00827601 /* Control Fun */,
				17D311EE1BFDF66D00827601 /* Control FunTests */,
				17D311D31BFDF66D00827601 /* Products */,
			);
			sourceTree = "<group>";
		};
		17D311D31BFDF66D00827601 /* Products */ = {
			isa = PBXGroup;
			children = (
				17D311D21BFDF66D00827601 /* Control Fun.app */,
				17D311EB1BFDF66D00827601 /* Control FunTests.xctest */,
			);
			name = Products;
			sourceTree = "<group>";
		};
		17D311D41BFDF66D00827601 /* Control Fun */ = {
			isa = PBXGroup;
			children = (
				17D311D91BFDF66D00827601 /* AIZAppDelegate.h */,
				17D311DA1BFDF66D00827601 /* AIZAppDelegate.m */,
				17D311DC1BFDF66D00827601 /* AIZMainViewController.h */,
				17D311DD1BFDF66D00827601 /* AIZMainViewController.m */,
				17D311E21BFDF66D00827601 /* Images.xcassets */,
				17D311E41BFDF66D00827601 /* LaunchScreen.xib */,
				17D311D51BFDF66D00827601 /* Supporting Files */,
				17D6120C1C00616800797B51 /* AIZMainViewController+AIZImageView.h */,
				17D6120D1C00616800797B51 /* AIZMainViewController+AIZImageView.m */,
				17D6120F1C00624300797B51 /* AIZMainViewController+AIZLabels.h */,
				17D612101C00624300797B51 /* AIZMainViewController+AIZLabels.m */,
				17D612121C0062B100797B51 /* AIZMainViewController+AIZTextFields.h */,
				17D612131C0062B100797B51 /* AIZMainViewController+AIZTextFields.m */,
				17D612151C00631E00797B51 /* AIZMainViewController+AIZLabelAndSlider.h */,
				17D612161C00631E00797B51 /* AIZMainViewController+AIZLabelAndSlider.m */,
				17D612181C0063B300797B51 /* AIZMainViewController+AIZSegmentedControl.h */,
				17D612191C0063B300797B51 /* AIZMainViewController+AIZSegmentedControl.m */,
				17D6121B1C00642B00797B51 /* AIZMainViewController+AIZSwitchesAndButton.h */,
				17D6121C1C00642B00797B51 /* AIZMainViewController+AIZSwitchesAndButton.m */,
			);
			path = "Control Fun";
			sourceTree = "<group>";
		};
		17D311D51BFDF66D00827601 /* Supporting Files */ = {
			isa = PBXGroup;
			children = (
				17D311D61BFDF66D00827601 /* Info.plist */,
				17D311D71BFDF66D00827601 /* main.m */,
			);
			name = "Supporting Files";
			sourceTree = "<group>";
		};
		17D311EE1BFDF66D00827601 /* Control FunTests */ = {
			isa = PBXGroup;
			children = (
				17D311F11BFDF66D00827601 /* Control_FunTests.m */,
				17D311EF1BFDF66D00827601 /* Supporting Files */,
			);
			path = "Control FunTests";
			sourceTree = "<group>";
		};
		17D311EF1BFDF66D00827601 /* Supporting Files */ = {
			isa = PBXGroup;
			children = (
				17D311F01BFDF66D00827601 /* Info.plist */,
			);
			name = "Supporting Files";
			sourceTree = "<group>";
		};
/* End PBXGroup section */

/* Begin PBXNativeTarget section */
		17D311D11BFDF66D00827601 /* Control Fun */ = {
			isa = PBXNativeTarget;
			buildConfigurationList = 17D311F51BFDF66D00827601 /* Build configuration list for PBXNativeTarget "Control Fun" */;
			buildPhases = (
				17D311CE1BFDF66D00827601 /* Sources */,
				17D311CF1BFDF66D00827601 /* Frameworks */,
				17D311D01BFDF66D00827601 /* Resources */,
			);
			buildRules = (
			);
			dependencies = (
			);
			name = "Control Fun";
			productName = "Control Fun";
			productReference = 17D311D21BFDF66D00827601 /* Control Fun.app */;
			productType = "com.apple.product-type.application";
		};
		17D311EA1BFDF66D00827601 /* Control FunTests */ = {
			isa = PBXNativeTarget;
			buildConfigurationList = 17D311F81BFDF66D00827601 /* Build configuration list for PBXNativeTarget "Control FunTests" */;
			buildPhases = (
				17D311E71BFDF66D00827601 /* Sources */,
				17D311E81BFDF66D00827601 /* Frameworks */,
				17D311E91BFDF66D00827601 /* Resources */,
			);
			buildRules = (
			);
			dependencies = (
				17D311ED1BFDF66D00827601 /* PBXTargetDependency */,
			);
			name = "Control FunTests";
			productName = "Control FunTests";
			productReference = 17D311EB1BFDF66D00827601 /* Control FunTests.xctest */;
			productType = "com.apple.product-type.bundle.unit-test";
		};
/* End PBXNativeTarget section */

/* Begin PBXProject section */
		17D311CA1BFDF66D00827601 /* Project object */ = {
			isa = PBXProject;
			attributes = {
				LastUpgradeCheck = 0640;
				ORGANIZATIONNAME = "Alex Izotov";
				TargetAttributes = {
					17D311D11BFDF66D00827601 = {
						CreatedOnToolsVersion = 6.4;
					};
					17D311EA1BFDF66D00827601 = {
						CreatedOnToolsVersion = 6.4;
						TestTargetID = 17D311D11BFDF66D00827601;
					};
				};
			};
			buildConfigurationList = 17D311CD1BFDF66D00827601 /* Build configuration list for PBXProject "Control Fun" */;
			compatibilityVersion = "Xcode 3.2";
			developmentRegion = English;
			hasScannedForEncodings = 0;
			knownRegions = (
				en,
				Base,
			);
			mainGroup = 17D311C91BFDF66D00827601;
			productRefGroup = 17D311D31BFDF66D00827601 /* Products */;
			projectDirPath = "";
			projectRoot = "";
			targets = (
				17D311D11BFDF66D00827601 /* Control Fun */,
				17D311EA1BFDF66D00827601 /* Control FunTests */,
			);
		};
/* End PBXProject section */

/* Begin PBXResourcesBuildPhase section */
		17D311D01BFDF66D00827601 /* Resources */ = {
			isa = PBXResourcesBuildPhase;
			buildActionMask = 2147483647;
			files = (
				17D311E61BFDF66D00827601 /* LaunchScreen.xib in Resources */,
				17D311E31BFDF66D00827601 /* Images.xcassets in Resources */,
			);
			runOnlyForDeploymentPostprocessing = 0;
		};
		17D311E91BFDF66D00827601 /* Resources */ = {
			isa = PBXResourcesBuildPhase;
			buildActionMask = 2147483647;
			files = (
			);
			runOnlyForDeploymentPostprocessing = 0;
		};
/* End PBXResourcesBuildPhase section */

/* Begin PBXSourcesBuildPhase section */
		17D311CE1BFDF66D00827601 /* Sources */ = {
			isa = PBXSourcesBuildPhase;
			buildActionMask = 2147483647;
			files = (
				17D612141C0062B100797B51 /* AIZMainViewController+AIZTextFields.m in Sources */,
				17D612171C00631E00797B51 /* AIZMainViewController+AIZLabelAndSlider.m in Sources */,
				17D612111C00624300797B51 /* AIZMainViewController+AIZLabels.m in Sources */,
				17D311DE1BFDF66D00827601 /* AIZMainViewController.m in Sources */,
				17D6121D1C00642B00797B51 /* AIZMainViewController+AIZSwitchesAndButton.m in Sources */,
				17D6121A1C0063B300797B51 /* AIZMainViewController+AIZSegmentedControl.m in Sources */,
				17D311DB1BFDF66D00827601 /* AIZAppDelegate.m in Sources */,
				17D6120E1C00616800797B51 /* AIZMainViewController+AIZImageView.m in Sources */,
				17D311D81BFDF66D00827601 /* main.m in Sources */,
			);
			runOnlyForDeploymentPostprocessing = 0;
		};
		17D311E71BFDF66D00827601 /* Sources */ = {
			isa = PBXSourcesBuildPhase;
			buildActionMask = 2147483647;
			files = (
				17D311F21BFDF66D00827601 /* Control_FunTests.m in Sources */,
			);
			runOnlyForDeploymentPostprocessing = 0;
		};
/* End PBXSourcesBuildPhase section */

/* Begin PBXTargetDependency section */
		17D311ED1BFDF66D00827601 /* PBXTargetDependency */ = {
			isa = PBXTargetDependency;
			target = 17D311D11BFDF66D00827601 /* Control Fun */;
			targetProxy = 17D311EC1BFDF66D00827601 /* PBXContainerItemProxy */;
		};
/* End PBXTargetDependency section */

/* Begin PBXVariantGroup section */
		17D311E41BFDF66D00827601 /* LaunchScreen.xib */ = {
			isa = PBXVariantGroup;
			children = (
				17D311E51BFDF66D00827601 /* Base */,
			);
			name = LaunchScreen.xib;
			sourceTree = "<group>";
		};
/* End PBXVariantGroup section */

/* Begin XCBuildConfiguration section */
		17D311F31BFDF66D00827601 /* Debug */ = {
			isa = XCBuildConfiguration;
			buildSettings = {
				ALWAYS_SEARCH_USER_PATHS = NO;
				CLANG_CXX_LANGUAGE_STANDARD = "gnu++0x";
				CLANG_CXX_LIBRARY = "libc++";
				CLANG_ENABLE_MODULES = YES;
				CLANG_ENABLE_OBJC_ARC = YES;
				CLANG_WARN_BOOL_CONVERSION = YES;
				CLANG_WARN_CONSTANT_CONVERSION = YES;
				CLANG_WARN_DIRECT_OBJC_ISA_USAGE = YES_ERROR;
				CLANG_WARN_EMPTY_BODY = YES;
				CLANG_WARN_ENUM_CONVERSION = YES;
				CLANG_WARN_INT_CONVERSION = YES;
				CLANG_WARN_OBJC_ROOT_CLASS = YES_ERROR;
				CLANG_WARN_UNREACHABLE_CODE = YES;
				CLANG_WARN__DUPLICATE_METHOD_MATCH = YES;
				"CODE_SIGN_IDENTITY[sdk=iphoneos*]" = "iPhone Developer";
				COPY_PHASE_STRIP = NO;
				DEBUG_INFORMATION_FORMAT = "dwarf-with-dsym";
				ENABLE_STRICT_OBJC_MSGSEND = YES;
				GCC_C_LANGUAGE_STANDARD = gnu99;
				GCC_DYNAMIC_NO_PIC = NO;
				GCC_NO_COMMON_BLOCKS = YES;
				GCC_OPTIMIZATION_LEVEL = 0;
				GCC_PREPROCESSOR_DEFINITIONS = (
					"DEBUG=1",
					"$(inherited)",
				);
				GCC_SYMBOLS_PRIVATE_EXTERN = NO;
				GCC_WARN_64_TO_32_BIT_CONVERSION = YES;
				GCC_WARN_ABOUT_RETURN_TYPE = YES_ERROR;
				GCC_WARN_UNDECLARED_SELECTOR = YES;
				GCC_WARN_UNINITIALIZED_AUTOS = YES_AGGRESSIVE;
				GCC_WARN_UNUSED_FUNCTION = YES;
				GCC_WARN_UNUSED_VARIABLE = YES;
				IPHONEOS_DEPLOYMENT_TARGET = 8.4;
				MTL_ENABLE_DEBUG_INFO = YES;
				ONLY_ACTIVE_ARCH = YES;
				SDKROOT = iphoneos;
			};
			name = Debug;
		};
		17D311F41BFDF66D00827601 /* Release */ = {
			isa = XCBuildConfiguration;
			buildSettings = {
				ALWAYS_SEARCH_USER_PATHS = NO;
				CLANG_CXX_LANGUAGE_STANDARD = "gnu++0x";
				CLANG_CXX_LIBRARY = "libc++";
				CLANG_ENABLE_MODULES = YES;
				CLANG_ENABLE_OBJC_ARC = YES;
				CLANG_WARN_BOOL_CONVERSION = YES;
				CLANG_WARN_CONSTANT_CONVERSION = YES;
				CLANG_WARN_DIRECT_OBJC_ISA_USAGE = YES_ERROR;
				CLANG_WARN_EMPTY_BODY = YES;
				CLANG_WARN_ENUM_CONVERSION = YES;
				CLANG_WARN_INT_CONVERSION = YES;
				CLANG_WARN_OBJC_ROOT_CLASS = YES_ERROR;
				CLANG_WARN_UNREACHABLE_CODE = YES;
				CLANG_WARN__DUPLICATE_METHOD_MATCH = YES;
				"CODE_SIGN_IDENTITY[sdk=iphoneos*]" = "iPhone Developer";
				COPY_PHASE_STRIP = NO;
				DEBUG_INFORMATION_FORMAT = "dwarf-with-dsym";
				ENABLE_NS_ASSERTIONS = NO;
				ENABLE_STRICT_OBJC_MSGSEND = YES;
				GCC_C_LANGUAGE_STANDARD = gnu99;
				GCC_NO_COMMON_BLOCKS = YES;
				GCC_WARN_64_TO_32_BIT_CONVERSION = YES;
				GCC_WARN_ABOUT_RETURN_TYPE = YES_ERROR;
				GCC_WARN_UNDECLARED_SELECTOR = YES;
				GCC_WARN_UNINITIALIZED_AUTOS = YES_AGGRESSIVE;
				GCC_WARN_UNUSED_FUNCTION = YES;
				GCC_WARN_UNUSED_VARIABLE = YES;
				IPHONEOS_DEPLOYMENT_TARGET = 8.4;
				MTL_ENABLE_DEBUG_INFO = NO;
				SDKROOT = iphoneos;
				VALIDATE_PRODUCT = YES;
			};
			name = Release;
		};
		17D311F61BFDF66D00827601 /* Debug */ = {
			isa = XCBuildConfiguration;
			buildSettings = {
				ASSETCATALOG_COMPILER_APPICON_NAME = AppIcon;
				INFOPLIST_FILE = "Control Fun/Info.plist";
				LD_RUNPATH_SEARCH_PATHS = "$(inherited) @executable_path/Frameworks";
				PRODUCT_NAME = "$(TARGET_NAME)";
			};
			name = Debug;
		};
		17D311F71BFDF66D00827601 /* Release */ = {
			isa = XCBuildConfiguration;
			buildSettings = {
				ASSETCATALOG_COMPILER_APPICON_NAME = AppIcon;
				INFOPLIST_FILE = "Control Fun/Info.plist";
				LD_RUNPATH_SEARCH_PATHS = "$(inherited) @executable_path/Frameworks";
				PRODUCT_NAME = "$(TARGET_NAME)";
			};
			name = Release;
		};
		17D311F91BFDF66D00827601 /* Debug */ = {
			isa = XCBuildConfiguration;
			buildSettings = {
				BUNDLE_LOADER = "$(TEST_HOST)";
				FRAMEWORK_SEARCH_PATHS = (
					"$(SDKROOT)/Developer/Library/Frameworks",
					"$(inherited)",
				);
				GCC_PREPROCESSOR_DEFINITIONS = (
					"DEBUG=1",
					"$(inherited)",
				);
				INFOPLIST_FILE = "Control FunTests/Info.plist";
				LD_RUNPATH_SEARCH_PATHS = "$(inherited) @executable_path/Frameworks @loader_path/Frameworks";
				PRODUCT_NAME = "$(TARGET_NAME)";
				TEST_HOST = "$(BUILT_PRODUCTS_DIR)/Control Fun.app/Control Fun";
			};
			name = Debug;
		};
		17D311FA1BFDF66D00827601 /* Release */ = {
			isa = XCBuildConfiguration;
			buildSettings = {
				BUNDLE_LOADER = "$(TEST_HOST)";
				FRAMEWORK_SEARCH_PATHS = (
					"$(SDKROOT)/Developer/Library/Frameworks",
					"$(inherited)",
				);
				INFOPLIST_FILE = "Control FunTests/Info.plist";
				LD_RUNPATH_SEARCH_PATHS = "$(inherited) @executable_path/Frameworks @loader_path/Frameworks";
				PRODUCT_NAME = "$(TARGET_NAME)";
				TEST_HOST = "$(BUILT_PRODUCTS_DIR)/Control Fun.app/Control Fun";
			};
			name = Release;
		};
/* End XCBuildConfiguration section */

/* Begin XCConfigurationList section */
		17D311CD1BFDF66D00827601 /* Build configuration list for PBXProject "Control Fun" */ = {
			isa = XCConfigurationList;
			buildConfigurations = (
				17D311F31BFDF66D00827601 /* Debug */,
				17D311F41BFDF66D00827601 /* Release */,
			);
			defaultConfigurationIsVisible = 0;
			defaultConfigurationName = Release;
		};
		17D311F51BFDF66D00827601 /* Build configuration list for PBXNativeTarget "Control Fun" */ = {
			isa = XCConfigurationList;
			buildConfigurations = (
				17D311F61BFDF66D00827601 /* Debug */,
				17D311F71BFDF66D00827601 /* Release */,
			);
			defaultConfigurationIsVisible = 0;
			defaultConfigurationName = Release;
		};
		17D311F81BFDF66D00827601 /* Build configuration list for PBXNativeTarget "Control FunTests" */ = {
			isa = XCConfigurationList;
			buildConfigurations = (
				17D311F91BFDF66D00827601 /* Debug */,
				17D311FA1BFDF66D00827601 /* Release */,
			);
			defaultConfigurationIsVisible = 0;
			defaultConfigurationName = Release;
		};
/* End XCConfigurationList section */
	};
	rootObject = 17D311CA1BFDF66D00827601 /* Project object */;
}
